
Microsoft Visual Studio Solution File, Format Version 12.00
# Visual Studio Version 16
VisualStudioVersion = 16.0.28803.202
MinimumVisualStudioVersion = 10.0.40219.1
Project("{FAE04EC0-301F-11D3-BF4B-00C04F79EFBC}") = "DisposeObject", "DisposeObject\DisposeObject.csproj", "{FED03F3A-68EC-4435-8616-D394B4A4B59E}"
EndProject
Global
	GlobalSection(SolutionConfigurationPlatforms) = preSolution
		Debug|Any CPU = Debug|Any CPU
		Release|Any CPU = Release|Any CPU
	EndGlobalSection
	GlobalSection(ProjectConfigurationPlatforms) = postSolution
		{FED03F3A-68EC-4435-8616-D394B4A4B59E}.Debug|Any CPU.ActiveCfg = Debug|Any CPU
		{FED03F3A-68EC-4435-8616-D394B4A4B59E}.Debug|Any CPU.Build.0 = Debug|Any CPU
		{FED03F3A-68EC-4435-8616-D394B4A4B59E}.Release|Any CPU.ActiveCfg = Release|Any CPU
		{FED03F3A-68EC-4435-8616-D394B4A4B59E}.Release|Any CPU.Build.0 = Release|Any CPU
	EndGlobalSection
	GlobalSection(SolutionProperties) = preSolution
		HideSolutionNode = FALSE
	EndGlobalSection
	GlobalSection(ExtensibilityGlobals) = postSolution
		SolutionGuid = {AA43E4F7-1C9F-46A1-BF9A-47F921F6896A}
	EndGlobalSection
EndGlobal
