
Microsoft Visual Studio Solution File, Format Version 12.00
# Visual Studio Version 16
VisualStudioVersion = 16.0.28803.202
MinimumVisualStudioVersion = 10.0.40219.1
Project("{FAE04EC0-301F-11D3-BF4B-00C04F79EFBC}") = "AsyncDelegates", "AsyncDelegates\AsyncDelegates.csproj", "{126DCD62-25EF-4425-89CA-E91313121FC4}"
EndProject
Global
	GlobalSection(SolutionConfigurationPlatforms) = preSolution
		Debug|Any CPU = Debug|Any CPU
		Release|Any CPU = Release|Any CPU
	EndGlobalSection
	GlobalSection(ProjectConfigurationPlatforms) = postSolution
		{126DCD62-25EF-4425-89CA-E91313121FC4}.Debug|Any CPU.ActiveCfg = Debug|Any CPU
		{126DCD62-25EF-4425-89CA-E91313121FC4}.Debug|Any CPU.Build.0 = Debug|Any CPU
		{126DCD62-25EF-4425-89CA-E91313121FC4}.Release|Any CPU.ActiveCfg = Release|Any CPU
		{126DCD62-25EF-4425-89CA-E91313121FC4}.Release|Any CPU.Build.0 = Release|Any CPU
	EndGlobalSection
	GlobalSection(SolutionProperties) = preSolution
		HideSolutionNode = FALSE
	EndGlobalSection
	GlobalSection(ExtensibilityGlobals) = postSolution
		SolutionGuid = {D6C63A3E-5011-461C-9FD0-B7715DDDC3ED}
	EndGlobalSection
EndGlobal
