
Microsoft Visual Studio Solution File, Format Version 12.00
# Visual Studio Version 16
VisualStudioVersion = 16.0.28803.202
MinimumVisualStudioVersion = 10.0.40219.1
Project("{FAE04EC0-301F-11D3-BF4B-00C04F79EFBC}") = "Eccezioni", "Eccezioni\Eccezioni.csproj", "{3D0CA7F3-7728-4440-A5B2-4F24BD4463BD}"
EndProject
Global
	GlobalSection(SolutionConfigurationPlatforms) = preSolution
		Debug|Any CPU = Debug|Any CPU
		Release|Any CPU = Release|Any CPU
	EndGlobalSection
	GlobalSection(ProjectConfigurationPlatforms) = postSolution
		{3D0CA7F3-7728-4440-A5B2-4F24BD4463BD}.Debug|Any CPU.ActiveCfg = Debug|Any CPU
		{3D0CA7F3-7728-4440-A5B2-4F24BD4463BD}.Debug|Any CPU.Build.0 = Debug|Any CPU
		{3D0CA7F3-7728-4440-A5B2-4F24BD4463BD}.Release|Any CPU.ActiveCfg = Release|Any CPU
		{3D0CA7F3-7728-4440-A5B2-4F24BD4463BD}.Release|Any CPU.Build.0 = Release|Any CPU
	EndGlobalSection
	GlobalSection(SolutionProperties) = preSolution
		HideSolutionNode = FALSE
	EndGlobalSection
	GlobalSection(ExtensibilityGlobals) = postSolution
		SolutionGuid = {3DBB7F25-8A40-4258-BD2A-96906AE429A5}
	EndGlobalSection
EndGlobal
