
Microsoft Visual Studio Solution File, Format Version 12.00
# Visual Studio Version 16
VisualStudioVersion = 16.0.28803.202
MinimumVisualStudioVersion = 10.0.40219.1
Project("{FAE04EC0-301F-11D3-BF4B-00C04F79EFBC}") = "CodiceDinamico", "CodiceDinamico\CodiceDinamico.csproj", "{6E7B9504-2DE5-491E-A716-E81EB419F6E2}"
EndProject
Global
	GlobalSection(SolutionConfigurationPlatforms) = preSolution
		Debug|Any CPU = Debug|Any CPU
		Release|Any CPU = Release|Any CPU
	EndGlobalSection
	GlobalSection(ProjectConfigurationPlatforms) = postSolution
		{6E7B9504-2DE5-491E-A716-E81EB419F6E2}.Debug|Any CPU.ActiveCfg = Debug|Any CPU
		{6E7B9504-2DE5-491E-A716-E81EB419F6E2}.Debug|Any CPU.Build.0 = Debug|Any CPU
		{6E7B9504-2DE5-491E-A716-E81EB419F6E2}.Release|Any CPU.ActiveCfg = Release|Any CPU
		{6E7B9504-2DE5-491E-A716-E81EB419F6E2}.Release|Any CPU.Build.0 = Release|Any CPU
	EndGlobalSection
	GlobalSection(SolutionProperties) = preSolution
		HideSolutionNode = FALSE
	EndGlobalSection
	GlobalSection(ExtensibilityGlobals) = postSolution
		SolutionGuid = {7EF554D4-E54B-4822-A880-0EEFB755385E}
	EndGlobalSection
EndGlobal
