
Microsoft Visual Studio Solution File, Format Version 12.00
# Visual Studio Version 16
VisualStudioVersion = 16.0.28803.202
MinimumVisualStudioVersion = 10.0.40219.1
Project("{FAE04EC0-301F-11D3-BF4B-00C04F79EFBC}") = "StringExtension", "StringExtension\StringExtension.csproj", "{1E814250-3DBA-4074-93B9-4D0BD4E49E38}"
EndProject
Global
	GlobalSection(SolutionConfigurationPlatforms) = preSolution
		Debug|Any CPU = Debug|Any CPU
		Release|Any CPU = Release|Any CPU
	EndGlobalSection
	GlobalSection(ProjectConfigurationPlatforms) = postSolution
		{1E814250-3DBA-4074-93B9-4D0BD4E49E38}.Debug|Any CPU.ActiveCfg = Debug|Any CPU
		{1E814250-3DBA-4074-93B9-4D0BD4E49E38}.Debug|Any CPU.Build.0 = Debug|Any CPU
		{1E814250-3DBA-4074-93B9-4D0BD4E49E38}.Release|Any CPU.ActiveCfg = Release|Any CPU
		{1E814250-3DBA-4074-93B9-4D0BD4E49E38}.Release|Any CPU.Build.0 = Release|Any CPU
	EndGlobalSection
	GlobalSection(SolutionProperties) = preSolution
		HideSolutionNode = FALSE
	EndGlobalSection
	GlobalSection(ExtensibilityGlobals) = postSolution
		SolutionGuid = {A7201C28-CBDF-404E-A10B-210629655FBD}
	EndGlobalSection
EndGlobal
