
Microsoft Visual Studio Solution File, Format Version 12.00
# Visual Studio Version 16
VisualStudioVersion = 16.0.28803.202
MinimumVisualStudioVersion = 10.0.40219.1
Project("{FAE04EC0-301F-11D3-BF4B-00C04F79EFBC}") = "ListeVarie", "ListeVarie\ListeVarie.csproj", "{C0AB93E4-BFC7-4635-8A97-A42D4538DE83}"
EndProject
Global
	GlobalSection(SolutionConfigurationPlatforms) = preSolution
		Debug|Any CPU = Debug|Any CPU
		Release|Any CPU = Release|Any CPU
	EndGlobalSection
	GlobalSection(ProjectConfigurationPlatforms) = postSolution
		{C0AB93E4-BFC7-4635-8A97-A42D4538DE83}.Debug|Any CPU.ActiveCfg = Debug|Any CPU
		{C0AB93E4-BFC7-4635-8A97-A42D4538DE83}.Debug|Any CPU.Build.0 = Debug|Any CPU
		{C0AB93E4-BFC7-4635-8A97-A42D4538DE83}.Release|Any CPU.ActiveCfg = Release|Any CPU
		{C0AB93E4-BFC7-4635-8A97-A42D4538DE83}.Release|Any CPU.Build.0 = Release|Any CPU
	EndGlobalSection
	GlobalSection(SolutionProperties) = preSolution
		HideSolutionNode = FALSE
	EndGlobalSection
	GlobalSection(ExtensibilityGlobals) = postSolution
		SolutionGuid = {5646DF28-14B9-4E2C-AC63-90261F799E03}
	EndGlobalSection
EndGlobal
