
Microsoft Visual Studio Solution File, Format Version 12.00
# Visual Studio Version 16
VisualStudioVersion = 16.0.28803.202
MinimumVisualStudioVersion = 10.0.40219.1
Project("{FAE04EC0-301F-11D3-BF4B-00C04F79EFBC}") = "Predicati_e_Delegate", "DelegateProgramma\Predicati_e_Delegate.csproj", "{29F1D5E4-1A68-47B4-8FFE-ABEC2A6F4010}"
EndProject
Global
	GlobalSection(SolutionConfigurationPlatforms) = preSolution
		Debug|Any CPU = Debug|Any CPU
		Release|Any CPU = Release|Any CPU
	EndGlobalSection
	GlobalSection(ProjectConfigurationPlatforms) = postSolution
		{29F1D5E4-1A68-47B4-8FFE-ABEC2A6F4010}.Debug|Any CPU.ActiveCfg = Debug|Any CPU
		{29F1D5E4-1A68-47B4-8FFE-ABEC2A6F4010}.Debug|Any CPU.Build.0 = Debug|Any CPU
		{29F1D5E4-1A68-47B4-8FFE-ABEC2A6F4010}.Release|Any CPU.ActiveCfg = Release|Any CPU
		{29F1D5E4-1A68-47B4-8FFE-ABEC2A6F4010}.Release|Any CPU.Build.0 = Release|Any CPU
	EndGlobalSection
	GlobalSection(SolutionProperties) = preSolution
		HideSolutionNode = FALSE
	EndGlobalSection
	GlobalSection(ExtensibilityGlobals) = postSolution
		SolutionGuid = {512C8E57-4FB1-479B-B176-D0A461E5AF70}
	EndGlobalSection
EndGlobal
