
Microsoft Visual Studio Solution File, Format Version 12.00
# Visual Studio Version 16
VisualStudioVersion = 16.0.28803.202
MinimumVisualStudioVersion = 10.0.40219.1
Project("{FAE04EC0-301F-11D3-BF4B-00C04F79EFBC}") = "Enumeration_and_Switches", "Enumeration_and_Switches\Enumeration_and_Switches.csproj", "{A1F823CC-F717-4034-81B2-9BBA970B3855}"
EndProject
Global
	GlobalSection(SolutionConfigurationPlatforms) = preSolution
		Debug|Any CPU = Debug|Any CPU
		Release|Any CPU = Release|Any CPU
	EndGlobalSection
	GlobalSection(ProjectConfigurationPlatforms) = postSolution
		{A1F823CC-F717-4034-81B2-9BBA970B3855}.Debug|Any CPU.ActiveCfg = Debug|Any CPU
		{A1F823CC-F717-4034-81B2-9BBA970B3855}.Debug|Any CPU.Build.0 = Debug|Any CPU
		{A1F823CC-F717-4034-81B2-9BBA970B3855}.Release|Any CPU.ActiveCfg = Release|Any CPU
		{A1F823CC-F717-4034-81B2-9BBA970B3855}.Release|Any CPU.Build.0 = Release|Any CPU
	EndGlobalSection
	GlobalSection(SolutionProperties) = preSolution
		HideSolutionNode = FALSE
	EndGlobalSection
	GlobalSection(ExtensibilityGlobals) = postSolution
		SolutionGuid = {B433254E-C1B9-406B-A91F-B23932ACD36E}
	EndGlobalSection
EndGlobal
