
Microsoft Visual Studio Solution File, Format Version 12.00
# Visual Studio Version 16
VisualStudioVersion = 16.0.28803.202
MinimumVisualStudioVersion = 10.0.40219.1
Project("{FAE04EC0-301F-11D3-BF4B-00C04F79EFBC}") = "Eventi", "Eventi\Eventi.csproj", "{90A54B1F-D5FF-46EE-A4AB-C86CB2D8E832}"
EndProject
Global
	GlobalSection(SolutionConfigurationPlatforms) = preSolution
		Debug|Any CPU = Debug|Any CPU
		Release|Any CPU = Release|Any CPU
	EndGlobalSection
	GlobalSection(ProjectConfigurationPlatforms) = postSolution
		{90A54B1F-D5FF-46EE-A4AB-C86CB2D8E832}.Debug|Any CPU.ActiveCfg = Debug|Any CPU
		{90A54B1F-D5FF-46EE-A4AB-C86CB2D8E832}.Debug|Any CPU.Build.0 = Debug|Any CPU
		{90A54B1F-D5FF-46EE-A4AB-C86CB2D8E832}.Release|Any CPU.ActiveCfg = Release|Any CPU
		{90A54B1F-D5FF-46EE-A4AB-C86CB2D8E832}.Release|Any CPU.Build.0 = Release|Any CPU
	EndGlobalSection
	GlobalSection(SolutionProperties) = preSolution
		HideSolutionNode = FALSE
	EndGlobalSection
	GlobalSection(ExtensibilityGlobals) = postSolution
		SolutionGuid = {3F685238-308C-497D-BAAF-2B0C47667AA0}
	EndGlobalSection
EndGlobal
